
Microsoft Visual Studio Solution File, Format Version 12.00
Project("{FAE04EC0-301F-11D3-BF4B-00C04F79EFBC}") = "Importacao.Api", "Importacao.Api\Importacao.Api.csproj", "{EC213413-3541-4846-A6D8-BFCC725B413E}"
EndProject
Project("{FAE04EC0-301F-11D3-BF4B-00C04F79EFBC}") = "Importacao.Domain", "Importacao.Domain\Importacao.Domain.csproj", "{E049D4D8-3715-4F5E-9992-5C5844703CC8}"
EndProject
Project("{FAE04EC0-301F-11D3-BF4B-00C04F79EFBC}") = "Importacao.Infrastructure", "Importacao.Infrastructure\Importacao.Infrastructure.csproj", "{E968CA8C-CF00-4E64-95FA-1F26F2DE1D22}"
EndProject
Project("{FAE04EC0-301F-11D3-BF4B-00C04F79EFBC}") = "Importacao.Application", "Importacao.Application\Importacao.Application.csproj", "{82B26F56-D7AC-40D4-BFFD-327BC9614C83}"
EndProject
Global
	GlobalSection(SolutionConfigurationPlatforms) = preSolution
		Debug|Any CPU = Debug|Any CPU
		Release|Any CPU = Release|Any CPU
	EndGlobalSection
	GlobalSection(ProjectConfigurationPlatforms) = postSolution
		{EC213413-3541-4846-A6D8-BFCC725B413E}.Debug|Any CPU.ActiveCfg = Debug|Any CPU
		{EC213413-3541-4846-A6D8-BFCC725B413E}.Debug|Any CPU.Build.0 = Debug|Any CPU
		{EC213413-3541-4846-A6D8-BFCC725B413E}.Release|Any CPU.ActiveCfg = Release|Any CPU
		{EC213413-3541-4846-A6D8-BFCC725B413E}.Release|Any CPU.Build.0 = Release|Any CPU
		{E049D4D8-3715-4F5E-9992-5C5844703CC8}.Debug|Any CPU.ActiveCfg = Debug|Any CPU
		{E049D4D8-3715-4F5E-9992-5C5844703CC8}.Debug|Any CPU.Build.0 = Debug|Any CPU
		{E049D4D8-3715-4F5E-9992-5C5844703CC8}.Release|Any CPU.ActiveCfg = Release|Any CPU
		{E049D4D8-3715-4F5E-9992-5C5844703CC8}.Release|Any CPU.Build.0 = Release|Any CPU
		{E968CA8C-CF00-4E64-95FA-1F26F2DE1D22}.Debug|Any CPU.ActiveCfg = Debug|Any CPU
		{E968CA8C-CF00-4E64-95FA-1F26F2DE1D22}.Debug|Any CPU.Build.0 = Debug|Any CPU
		{E968CA8C-CF00-4E64-95FA-1F26F2DE1D22}.Release|Any CPU.ActiveCfg = Release|Any CPU
		{E968CA8C-CF00-4E64-95FA-1F26F2DE1D22}.Release|Any CPU.Build.0 = Release|Any CPU
		{82B26F56-D7AC-40D4-BFFD-327BC9614C83}.Debug|Any CPU.ActiveCfg = Debug|Any CPU
		{82B26F56-D7AC-40D4-BFFD-327BC9614C83}.Debug|Any CPU.Build.0 = Debug|Any CPU
		{82B26F56-D7AC-40D4-BFFD-327BC9614C83}.Release|Any CPU.ActiveCfg = Release|Any CPU
		{82B26F56-D7AC-40D4-BFFD-327BC9614C83}.Release|Any CPU.Build.0 = Release|Any CPU
	EndGlobalSection
EndGlobal
